
Microsoft Visual Studio Solution File, Format Version 12.00
# Visual Studio 15
VisualStudioVersion = 15.0.28307.106
MinimumVisualStudioVersion = 10.0.40219.1
Project("{9A19103F-16F7-4668-BE54-9A1E7A4F7556}") = "Challenge", "Challenge\Challenge.csproj", "{DC37B800-5F55-4C43-B7EB-DEBD1F93145B}"
EndProject
Project("{9A19103F-16F7-4668-BE54-9A1E7A4F7556}") = "ChallengeTestProject", "ChallengeTestProject\ChallengeTestProject.csproj", "{50FD3B51-9957-4569-9D62-A7F20F811852}"
EndProject
Project("{2150E333-8FDC-42A3-9474-1A3956D46DE8}") = "1.0 - Unstructured", "1.0 - Unstructured", "{23F27966-05D5-4E8C-9A73-52497AF93E04}"
EndProject
Project("{2150E333-8FDC-42A3-9474-1A3956D46DE8}") = "2.0 - Structured", "2.0 - Structured", "{5475E1C3-EEBF-47BA-9D31-8074BDE685EA}"
EndProject
Project("{2150E333-8FDC-42A3-9474-1A3956D46DE8}") = "2.1 - Presentation", "2.1 - Presentation", "{088AD6EF-CFDF-4ACF-BDF4-F08F94F3E811}"
EndProject
Project("{2150E333-8FDC-42A3-9474-1A3956D46DE8}") = "2.2 - Application", "2.2 - Application", "{A3C5D386-DC85-4060-82B9-019A90BAC485}"
EndProject
Project("{2150E333-8FDC-42A3-9474-1A3956D46DE8}") = "2.3 - Domain", "2.3 - Domain", "{5C25ED5E-FDFF-4C59-900D-6D164DD5B914}"
EndProject
Project("{2150E333-8FDC-42A3-9474-1A3956D46DE8}") = "2.4 - Data", "2.4 - Data", "{FB105F8F-B3B7-4F34-9BFD-23DC7A7D36E4}"
EndProject
Project("{2150E333-8FDC-42A3-9474-1A3956D46DE8}") = "2.5 - Infrastructure", "2.5 - Infrastructure", "{BB797935-7D31-4A66-90AD-2520F6611111}"
EndProject
Project("{9A19103F-16F7-4668-BE54-9A1E7A4F7556}") = "Domain.Core", "Domain.Core\Domain.Core.csproj", "{8ABAD0A3-E95B-4723-B4B8-1B53D0067CB6}"
EndProject
Project("{9A19103F-16F7-4668-BE54-9A1E7A4F7556}") = "Domain.Model", "Domain.Model\Domain.Model.csproj", "{752B487F-B492-48F2-B8C1-59C6883A054B}"
EndProject
Project("{9A19103F-16F7-4668-BE54-9A1E7A4F7556}") = "Domain.Services", "Domain.Services\Domain.Services.csproj", "{29BED7EC-4402-4F0C-A29B-C646C02A869E}"
EndProject
Project("{9A19103F-16F7-4668-BE54-9A1E7A4F7556}") = "Application.Services", "Application.Services\Application.Services.csproj", "{8728B94D-1AAE-4E8B-84FD-7056E3238916}"
EndProject
Project("{9A19103F-16F7-4668-BE54-9A1E7A4F7556}") = "Application.Dto", "Application.Dto\Application.Dto.csproj", "{19977052-E8E8-4B1E-A2C9-FD9A9F40C1F1}"
EndProject
Project("{9A19103F-16F7-4668-BE54-9A1E7A4F7556}") = "Infrastructure.Crosscuting", "Infrastructure.Crosscuting\Infrastructure.Crosscuting.csproj", "{D72C4D5A-4ED3-4371-A336-71F0BFF8A727}"
EndProject
Project("{2150E333-8FDC-42A3-9474-1A3956D46DE8}") = "3.0 - Deploy", "3.0 - Deploy", "{5BFD60C4-5BAE-4BF9-9BBC-72A21840AAB1}"
	ProjectSection(SolutionItems) = preProject
		CreateChallengeDatabase.sql = CreateChallengeDatabase.sql
	EndProjectSection
EndProject
Project("{FAE04EC0-301F-11D3-BF4B-00C04F79EFBC}") = "Data.Repository", "Data.Repository\Data.Repository.csproj", "{8191E790-5314-4CB8-B02F-C792E1F7E4A6}"
EndProject
Global
	GlobalSection(SolutionConfigurationPlatforms) = preSolution
		Debug|Any CPU = Debug|Any CPU
		Release|Any CPU = Release|Any CPU
	EndGlobalSection
	GlobalSection(ProjectConfigurationPlatforms) = postSolution
		{DC37B800-5F55-4C43-B7EB-DEBD1F93145B}.Debug|Any CPU.ActiveCfg = Debug|Any CPU
		{DC37B800-5F55-4C43-B7EB-DEBD1F93145B}.Debug|Any CPU.Build.0 = Debug|Any CPU
		{DC37B800-5F55-4C43-B7EB-DEBD1F93145B}.Release|Any CPU.ActiveCfg = Release|Any CPU
		{DC37B800-5F55-4C43-B7EB-DEBD1F93145B}.Release|Any CPU.Build.0 = Release|Any CPU
		{50FD3B51-9957-4569-9D62-A7F20F811852}.Debug|Any CPU.ActiveCfg = Debug|Any CPU
		{50FD3B51-9957-4569-9D62-A7F20F811852}.Debug|Any CPU.Build.0 = Debug|Any CPU
		{50FD3B51-9957-4569-9D62-A7F20F811852}.Release|Any CPU.ActiveCfg = Release|Any CPU
		{50FD3B51-9957-4569-9D62-A7F20F811852}.Release|Any CPU.Build.0 = Release|Any CPU
		{8ABAD0A3-E95B-4723-B4B8-1B53D0067CB6}.Debug|Any CPU.ActiveCfg = Debug|Any CPU
		{8ABAD0A3-E95B-4723-B4B8-1B53D0067CB6}.Debug|Any CPU.Build.0 = Debug|Any CPU
		{8ABAD0A3-E95B-4723-B4B8-1B53D0067CB6}.Release|Any CPU.ActiveCfg = Release|Any CPU
		{8ABAD0A3-E95B-4723-B4B8-1B53D0067CB6}.Release|Any CPU.Build.0 = Release|Any CPU
		{752B487F-B492-48F2-B8C1-59C6883A054B}.Debug|Any CPU.ActiveCfg = Debug|Any CPU
		{752B487F-B492-48F2-B8C1-59C6883A054B}.Debug|Any CPU.Build.0 = Debug|Any CPU
		{752B487F-B492-48F2-B8C1-59C6883A054B}.Release|Any CPU.ActiveCfg = Release|Any CPU
		{752B487F-B492-48F2-B8C1-59C6883A054B}.Release|Any CPU.Build.0 = Release|Any CPU
		{29BED7EC-4402-4F0C-A29B-C646C02A869E}.Debug|Any CPU.ActiveCfg = Debug|Any CPU
		{29BED7EC-4402-4F0C-A29B-C646C02A869E}.Debug|Any CPU.Build.0 = Debug|Any CPU
		{29BED7EC-4402-4F0C-A29B-C646C02A869E}.Release|Any CPU.ActiveCfg = Release|Any CPU
		{29BED7EC-4402-4F0C-A29B-C646C02A869E}.Release|Any CPU.Build.0 = Release|Any CPU
		{8728B94D-1AAE-4E8B-84FD-7056E3238916}.Debug|Any CPU.ActiveCfg = Debug|Any CPU
		{8728B94D-1AAE-4E8B-84FD-7056E3238916}.Debug|Any CPU.Build.0 = Debug|Any CPU
		{8728B94D-1AAE-4E8B-84FD-7056E3238916}.Release|Any CPU.ActiveCfg = Release|Any CPU
		{8728B94D-1AAE-4E8B-84FD-7056E3238916}.Release|Any CPU.Build.0 = Release|Any CPU
		{19977052-E8E8-4B1E-A2C9-FD9A9F40C1F1}.Debug|Any CPU.ActiveCfg = Debug|Any CPU
		{19977052-E8E8-4B1E-A2C9-FD9A9F40C1F1}.Debug|Any CPU.Build.0 = Debug|Any CPU
		{19977052-E8E8-4B1E-A2C9-FD9A9F40C1F1}.Release|Any CPU.ActiveCfg = Release|Any CPU
		{19977052-E8E8-4B1E-A2C9-FD9A9F40C1F1}.Release|Any CPU.Build.0 = Release|Any CPU
		{D72C4D5A-4ED3-4371-A336-71F0BFF8A727}.Debug|Any CPU.ActiveCfg = Debug|Any CPU
		{D72C4D5A-4ED3-4371-A336-71F0BFF8A727}.Debug|Any CPU.Build.0 = Debug|Any CPU
		{D72C4D5A-4ED3-4371-A336-71F0BFF8A727}.Release|Any CPU.ActiveCfg = Release|Any CPU
		{D72C4D5A-4ED3-4371-A336-71F0BFF8A727}.Release|Any CPU.Build.0 = Release|Any CPU
		{8191E790-5314-4CB8-B02F-C792E1F7E4A6}.Debug|Any CPU.ActiveCfg = Debug|Any CPU
		{8191E790-5314-4CB8-B02F-C792E1F7E4A6}.Debug|Any CPU.Build.0 = Debug|Any CPU
		{8191E790-5314-4CB8-B02F-C792E1F7E4A6}.Release|Any CPU.ActiveCfg = Release|Any CPU
		{8191E790-5314-4CB8-B02F-C792E1F7E4A6}.Release|Any CPU.Build.0 = Release|Any CPU
	EndGlobalSection
	GlobalSection(SolutionProperties) = preSolution
		HideSolutionNode = FALSE
	EndGlobalSection
	GlobalSection(NestedProjects) = preSolution
		{DC37B800-5F55-4C43-B7EB-DEBD1F93145B} = {23F27966-05D5-4E8C-9A73-52497AF93E04}
		{50FD3B51-9957-4569-9D62-A7F20F811852} = {23F27966-05D5-4E8C-9A73-52497AF93E04}
		{088AD6EF-CFDF-4ACF-BDF4-F08F94F3E811} = {5475E1C3-EEBF-47BA-9D31-8074BDE685EA}
		{A3C5D386-DC85-4060-82B9-019A90BAC485} = {5475E1C3-EEBF-47BA-9D31-8074BDE685EA}
		{5C25ED5E-FDFF-4C59-900D-6D164DD5B914} = {5475E1C3-EEBF-47BA-9D31-8074BDE685EA}
		{FB105F8F-B3B7-4F34-9BFD-23DC7A7D36E4} = {5475E1C3-EEBF-47BA-9D31-8074BDE685EA}
		{BB797935-7D31-4A66-90AD-2520F6611111} = {5475E1C3-EEBF-47BA-9D31-8074BDE685EA}
		{8ABAD0A3-E95B-4723-B4B8-1B53D0067CB6} = {5C25ED5E-FDFF-4C59-900D-6D164DD5B914}
		{752B487F-B492-48F2-B8C1-59C6883A054B} = {5C25ED5E-FDFF-4C59-900D-6D164DD5B914}
		{29BED7EC-4402-4F0C-A29B-C646C02A869E} = {5C25ED5E-FDFF-4C59-900D-6D164DD5B914}
		{8728B94D-1AAE-4E8B-84FD-7056E3238916} = {A3C5D386-DC85-4060-82B9-019A90BAC485}
		{19977052-E8E8-4B1E-A2C9-FD9A9F40C1F1} = {A3C5D386-DC85-4060-82B9-019A90BAC485}
		{D72C4D5A-4ED3-4371-A336-71F0BFF8A727} = {BB797935-7D31-4A66-90AD-2520F6611111}
		{8191E790-5314-4CB8-B02F-C792E1F7E4A6} = {FB105F8F-B3B7-4F34-9BFD-23DC7A7D36E4}
	EndGlobalSection
	GlobalSection(ExtensibilityGlobals) = postSolution
		SolutionGuid = {AB2DBCFF-4943-4A2F-8003-C19204469E60}
	EndGlobalSection
EndGlobal
